// !$*UTF8*$!
{
	archiveVersion = 1;
	classes = {
	};
	objectVersion = 46;
	objects = {

/* Begin PBXBuildFile section */
		687CB1C31E8B74E200E2D1CA /* Minecraft.ttf in Resources */ = {isa = PBXBuildFile; fileRef = 687CB1C11E8B74E200E2D1CA /* Minecraft.ttf */; };
		687CB1C41E8B74E200E2D1CA /* btn.wav in Resources */ = {isa = PBXBuildFile; fileRef = 687CB1C21E8B74E200E2D1CA /* btn.wav */; };
		68C78E7F1E897225006E03F8 /* AppDelegate.swift in Sources */ = {isa = PBXBuildFile; fileRef = 68C78E7E1E897225006E03F8 /* AppDelegate.swift */; };
		68C78E811E897225006E03F8 /* ViewController.swift in Sources */ = {isa = PBXBuildFile; fileRef = 68C78E801E897225006E03F8 /* ViewController.swift */; };
		68C78E841E897225006E03F8 /* Main.storyboard in Resources */ = {isa = PBXBuildFile; fileRef = 68C78E821E897225006E03F8 /* Main.storyboard */; };
		68C78E861E897225006E03F8 /* Assets.xcassets in Resources */ = {isa = PBXBuildFile; fileRef = 68C78E851E897225006E03F8 /* Assets.xcassets */; };
		68C78E891E897225006E03F8 /* LaunchScreen.storyboard in Resources */ = {isa = PBXBuildFile; fileRef = 68C78E871E897225006E03F8 /* LaunchScreen.storyboard */; };
/* End PBXBuildFile section */

/* Begin PBXFileReference section */
		687CB1C11E8B74E200E2D1CA /* Minecraft.ttf */ = {isa = PBXFileReference; lastKnownFileType = file; path = Minecraft.ttf; sourceTree = "<group>"; };
		687CB1C21E8B74E200E2D1CA /* btn.wav */ = {isa = PBXFileReference; lastKnownFileType = audio.wav; path = btn.wav; sourceTree = "<group>"; };
		68C78E7B1E897225006E03F8 /* RetroCalculator.app */ = {isa = PBXFileReference; explicitFileType = wrapper.application; includeInIndex = 0; path = RetroCalculator.app; sourceTree = BUILT_PRODUCTS_DIR; };
		68C78E7E1E897225006E03F8 /* AppDelegate.swift */ = {isa = PBXFileReference; lastKnownFileType = sourcecode.swift; path = AppDelegate.swift; sourceTree = "<group>"; };
		68C78E801E897225006E03F8 /* ViewController.swift */ = {isa = PBXFileReference; lastKnownFileType = sourcecode.swift; path = ViewController.swift; sourceTree = "<group>"; };
		68C78E831E897225006E03F8 /* Base */ = {isa = PBXFileReference; lastKnownFileType = file.storyboard; name = Base; path = Base.lproj/Main.storyboard; sourceTree = "<group>"; };
		68C78E851E897225006E03F8 /* Assets.xcassets */ = {isa = PBXFileReference; lastKnownFileType = folder.assetcatalog; path = Assets.xcassets; sourceTree = "<group>"; };
		68C78E881E897225006E03F8 /* Base */ = {isa = PBXFileReference; lastKnownFileType = file.storyboard; name = Base; path = Base.lproj/LaunchScreen.storyboard; sourceTree = "<group>"; };
		68C78E8A1E897225006E03F8 /* Info.plist */ = {isa = PBXFileReference; lastKnownFileType = text.plist.xml; path = Info.plist; sourceTree = "<group>"; };
/* End PBXFileReference section */

/* Begin PBXFrameworksBuildPhase section */
		68C78E781E897224006E03F8 /* Frameworks */ = {
			isa = PBXFrameworksBuildPhase;
			buildActionMask = 2147483647;
			files = (
			);
			runOnlyForDeploymentPostprocessing = 0;
		};
/* End PBXFrameworksBuildPhase section */

/* Begin PBXGroup section */
		687CB1C51E8B74F000E2D1CA /* Supporting files */ = {
			isa = PBXGroup;
			children = (
				687CB1C11E8B74E200E2D1CA /* Minecraft.ttf */,
				687CB1C21E8B74E200E2D1CA /* btn.wav */,
			);
			name = "Supporting files";
			sourceTree = "<group>";
		};
		68C78E721E897224006E03F8 = {
			isa = PBXGroup;
			children = (
				68C78E7D1E897225006E03F8 /* RetroCalculator */,
				68C78E7C1E897225006E03F8 /* Products */,
			);
			sourceTree = "<group>";
		};
		68C78E7C1E897225006E03F8 /* Products */ = {
			isa = PBXGroup;
			children = (
				68C78E7B1E897225006E03F8 /* RetroCalculator.app */,
			);
			name = Products;
			sourceTree = "<group>";
		};
		68C78E7D1E897225006E03F8 /* RetroCalculator */ = {
			isa = PBXGroup;
			children = (
				68C78E7E1E897225006E03F8 /* AppDelegate.swift */,
				68C78E801E897225006E03F8 /* ViewController.swift */,
				687CB1C51E8B74F000E2D1CA /* Supporting files */,
				68C78E821E897225006E03F8 /* Main.storyboard */,
				68C78E851E897225006E03F8 /* Assets.xcassets */,
				68C78E871E897225006E03F8 /* LaunchScreen.storyboard */,
				68C78E8A1E897225006E03F8 /* Info.plist */,
			);
			path = RetroCalculator;
			sourceTree = "<group>";
		};
/* End PBXGroup section */

/* Begin PBXNativeTarget section */
		68C78E7A1E897224006E03F8 /* RetroCalculator */ = {
			isa = PBXNativeTarget;
			buildConfigurationList = 68C78E8D1E897225006E03F8 /* Build configuration list for PBXNativeTarget "RetroCalculator" */;
			buildPhases = (
				68C78E771E897224006E03F8 /* Sources */,
				68C78E781E897224006E03F8 /* Frameworks */,
				68C78E791E897224006E03F8 /* Resources */,
			);
			buildRules = (
			);
			dependencies = (
			);
			name = RetroCalculator;
			productName = RetroCalculator;
			productReference = 68C78E7B1E897225006E03F8 /* RetroCalculator.app */;
			productType = "com.apple.product-type.application";
		};
/* End PBXNativeTarget section */

/* Begin PBXProject section */
		68C78E731E897224006E03F8 /* Project object */ = {
			isa = PBXProject;
			attributes = {
				LastSwiftUpdateCheck = 0820;
				LastUpgradeCheck = 0820;
				ORGANIZATIONNAME = "Solomon Rajkumar";
				TargetAttributes = {
					68C78E7A1E897224006E03F8 = {
						CreatedOnToolsVersion = 8.2.1;
						DevelopmentTeam = QCNSV5U33C;
						ProvisioningStyle = Automatic;
					};
				};
			};
			buildConfigurationList = 68C78E761E897224006E03F8 /* Build configuration list for PBXProject "RetroCalculator" */;
			compatibilityVersion = "Xcode 3.2";
			developmentRegion = English;
			hasScannedForEncodings = 0;
			knownRegions = (
				en,
				Base,
			);
			mainGroup = 68C78E721E897224006E03F8;
			productRefGroup = 68C78E7C1E897225006E03F8 /* Products */;
			projectDirPath = "";
			projectRoot = "";
			targets = (
				68C78E7A1E897224006E03F8 /* RetroCalculator */,
			);
		};
/* End PBXProject section */

/* Begin PBXResourcesBuildPhase section */
		68C78E791E897224006E03F8 /* Resources */ = {
			isa = PBXResourcesBuildPhase;
			buildActionMask = 2147483647;
			files = (
				687CB1C41E8B74E200E2D1CA /* btn.wav in Resources */,
				68C78E891E897225006E03F8 /* LaunchScreen.storyboard in Resources */,
				68C78E861E897225006E03F8 /* Assets.xcassets in Resources */,
				687CB1C31E8B74E200E2D1CA /* Minecraft.ttf in Resources */,
				68C78E841E897225006E03F8 /* Main.storyboard in Resources */,
			);
			runOnlyForDeploymentPostprocessing = 0;
		};
/* End PBXResourcesBuildPhase section */

/* Begin PBXSourcesBuildPhase section */
		68C78E771E897224006E03F8 /* Sources */ = {
			isa = PBXSourcesBuildPhase;
			buildActionMask = 2147483647;
			files = (
				68C78E811E897225006E03F8 /* ViewController.swift in Sources */,
				68C78E7F1E897225006E03F8 /* AppDelegate.swift in Sources */,
			);
			runOnlyForDeploymentPostprocessing = 0;
		};
/* End PBXSourcesBuildPhase section */

/* Begin PBXVariantGroup section */
		68C78E821E897225006E03F8 /* Main.storyboard */ = {
			isa = PBXVariantGroup;
			children = (
				68C78E831E897225006E03F8 /* Base */,
			);
			name = Main.storyboard;
			sourceTree = "<group>";
		};
		68C78E871E897225006E03F8 /* LaunchScreen.storyboard */ = {
			isa = PBXVariantGroup;
			children = (
				68C78E881E897225006E03F8 /* Base */,
			);
			name = LaunchScreen.storyboard;
			sourceTree = "<group>";
		};
/* End PBXVariantGroup section */

/* Begin XCBuildConfiguration section */
		68C78E8B1E897225006E03F8 /* Debug */ = {
			isa = XCBuildConfiguration;
			buildSettings = {
				ALWAYS_SEARCH_USER_PATHS = NO;
				CLANG_ANALYZER_NONNULL = YES;
				CLANG_CXX_LANGUAGE_STANDARD = "gnu++0x";
				CLANG_CXX_LIBRARY = "libc++";
				CLANG_ENABLE_MODULES = YES;
				CLANG_ENABLE_OBJC_ARC = YES;
				CLANG_WARN_BOOL_CONVERSION = YES;
				CLANG_WARN_CONSTANT_CONVERSION = YES;
				CLANG_WARN_DIRECT_OBJC_ISA_USAGE = YES_ERROR;
				CLANG_WARN_DOCUMENTATION_COMMENTS = YES;
				CLANG_WARN_EMPTY_BODY = YES;
				CLANG_WARN_ENUM_CONVERSION = YES;
				CLANG_WARN_INFINITE_RECURSION = YES;
				CLANG_WARN_INT_CONVERSION = YES;
				CLANG_WARN_OBJC_ROOT_CLASS = YES_ERROR;
				CLANG_WARN_SUSPICIOUS_MOVE = YES;
				CLANG_WARN_UNREACHABLE_CODE = YES;
				CLANG_WARN__DUPLICATE_METHOD_MATCH = YES;
				"CODE_SIGN_IDENTITY[sdk=iphoneos*]" = "iPhone Developer";
				COPY_PHASE_STRIP = NO;
				DEBUG_INFORMATION_FORMAT = dwarf;
				ENABLE_STRICT_OBJC_MSGSEND = YES;
				ENABLE_TESTABILITY = YES;
				GCC_C_LANGUAGE_STANDARD = gnu99;
				GCC_DYNAMIC_NO_PIC = NO;
				GCC_NO_COMMON_BLOCKS = YES;
				GCC_OPTIMIZATION_LEVEL = 0;
				GCC_PREPROCESSOR_DEFINITIONS = (
					"DEBUG=1",
					"$(inherited)",
				);
				GCC_WARN_64_TO_32_BIT_CONVERSION = YES;
				GCC_WARN_ABOUT_RETURN_TYPE = YES_ERROR;
				GCC_WARN_UNDECLARED_SELECTOR = YES;
				GCC_WARN_UNINITIALIZED_AUTOS = YES_AGGRESSIVE;
				GCC_WARN_UNUSED_FUNCTION = YES;
				GCC_WARN_UNUSED_VARIABLE = YES;
				IPHONEOS_DEPLOYMENT_TARGET = 10.2;
				MTL_ENABLE_DEBUG_INFO = YES;
				ONLY_ACTIVE_ARCH = YES;
				SDKROOT = iphoneos;
				SWIFT_ACTIVE_COMPILATION_CONDITIONS = DEBUG;
				SWIFT_OPTIMIZATION_LEVEL = "-Onone";
				TARGETED_DEVICE_FAMILY = "1,2";
			};
			name = Debug;
		};
		68C78E8C1E897225006E03F8 /* Release */ = {
			isa = XCBuildConfiguration;
			buildSettings = {
				ALWAYS_SEARCH_USER_PATHS = NO;
				CLANG_ANALYZER_NONNULL = YES;
				CLANG_CXX_LANGUAGE_STANDARD = "gnu++0x";
				CLANG_CXX_LIBRARY = "libc++";
				CLANG_ENABLE_MODULES = YES;
				CLANG_ENABLE_OBJC_ARC = YES;
				CLANG_WARN_BOOL_CONVERSION = YES;
				CLANG_WARN_CONSTANT_CONVERSION = YES;
				CLANG_WARN_DIRECT_OBJC_ISA_USAGE = YES_ERROR;
				CLANG_WARN_DOCUMENTATION_COMMENTS = YES;
				CLANG_WARN_EMPTY_BODY = YES;
				CLANG_WARN_ENUM_CONVERSION = YES;
				CLANG_WARN_INFINITE_RECURSION = YES;
				CLANG_WARN_INT_CONVERSION = YES;
				CLANG_WARN_OBJC_ROOT_CLASS = YES_ERROR;
				CLANG_WARN_SUSPICIOUS_MOVE = YES;
				CLANG_WARN_UNREACHABLE_CODE = YES;
				CLANG_WARN__DUPLICATE_METHOD_MATCH = YES;
				"CODE_SIGN_IDENTITY[sdk=iphoneos*]" = "iPhone Developer";
				COPY_PHASE_STRIP = NO;
				DEBUG_INFORMATION_FORMAT = "dwarf-with-dsym";
				ENABLE_NS_ASSERTIONS = NO;
				ENABLE_STRICT_OBJC_MSGSEND = YES;
				GCC_C_LANGUAGE_STANDARD = gnu99;
				GCC_NO_COMMON_BLOCKS = YES;
				GCC_WARN_64_TO_32_BIT_CONVERSION = YES;
				GCC_WARN_ABOUT_RETURN_TYPE = YES_ERROR;
				GCC_WARN_UNDECLARED_SELECTOR = YES;
				GCC_WARN_UNINITIALIZED_AUTOS = YES_AGGRESSIVE;
				GCC_WARN_UNUSED_FUNCTION = YES;
				GCC_WARN_UNUSED_VARIABLE = YES;
				IPHONEOS_DEPLOYMENT_TARGET = 10.2;
				MTL_ENABLE_DEBUG_INFO = NO;
				SDKROOT = iphoneos;
				SWIFT_OPTIMIZATION_LEVEL = "-Owholemodule";
				TARGETED_DEVICE_FAMILY = "1,2";
				VALIDATE_PRODUCT = YES;
			};
			name = Release;
		};
		68C78E8E1E897225006E03F8 /* Debug */ = {
			isa = XCBuildConfiguration;
			buildSettings = {
				ASSETCATALOG_COMPILER_APPICON_NAME = AppIcon;
				DEVELOPMENT_TEAM = QCNSV5U33C;
				INFOPLIST_FILE = RetroCalculator/Info.plist;
				LD_RUNPATH_SEARCH_PATHS = "$(inherited) @executable_path/Frameworks";
				PRODUCT_BUNDLE_IDENTIFIER = com.soluAppHouse.RetroCalculator;
				PRODUCT_NAME = "$(TARGET_NAME)";
				SWIFT_VERSION = 3.0;
			};
			name = Debug;
		};
		68C78E8F1E897225006E03F8 /* Release */ = {
			isa = XCBuildConfiguration;
			buildSettings = {
				ASSETCATALOG_COMPILER_APPICON_NAME = AppIcon;
				DEVELOPMENT_TEAM = QCNSV5U33C;
				INFOPLIST_FILE = RetroCalculator/Info.plist;
				LD_RUNPATH_SEARCH_PATHS = "$(inherited) @executable_path/Frameworks";
				PRODUCT_BUNDLE_IDENTIFIER = com.soluAppHouse.RetroCalculator;
				PRODUCT_NAME = "$(TARGET_NAME)";
				SWIFT_VERSION = 3.0;
			};
			name = Release;
		};
/* End XCBuildConfiguration section */

/* Begin XCConfigurationList section */
		68C78E761E897224006E03F8 /* Build configuration list for PBXProject "RetroCalculator" */ = {
			isa = XCConfigurationList;
			buildConfigurations = (
				68C78E8B1E897225006E03F8 /* Debug */,
				68C78E8C1E897225006E03F8 /* Release */,
			);
			defaultConfigurationIsVisible = 0;
			defaultConfigurationName = Release;
		};
		68C78E8D1E897225006E03F8 /* Build configuration list for PBXNativeTarget "RetroCalculator" */ = {
			isa = XCConfigurationList;
			buildConfigurations = (
				68C78E8E1E897225006E03F8 /* Debug */,
				68C78E8F1E897225006E03F8 /* Release */,
			);
			defaultConfigurationIsVisible = 0;
			defaultConfigurationName = Release;
		};
/* End XCConfigurationList section */
	};
	rootObject = 68C78E731E897224006E03F8 /* Project object */;
}
